{
  "name": "wow-pathfinder",
  "version": "1.0.0",
  "lockfileVersion": 3,
  "requires": true,
  "packages": {
    "": {
      "name": "wow-pathfinder",
      "version": "1.0.0",
      "dependencies": {
        "navcat": "^0.2.0",
        "recast-navigation": "^0.42.1"
      }
    },
    "node_modules/@recast-navigation/core": {
      "version": "0.42.1",
      "resolved": "https://registry.npmjs.org/@recast-navigation/core/-/core-0.42.1.tgz",
      "integrity": "sha512-irjEzP0sqb/4R2phwYnGc1jvuEm3y35FEnJRu4yOLsH9P0Df3yiwtI2TVKxioEAYlqoGqHSNnYhy1Hf0FTXllA==",
      "license": "MIT",
      "dependencies": {
        "@recast-navigation/wasm": "0.42.1"
      }
    },
    "node_modules/@recast-navigation/generators": {
      "version": "0.42.1",
      "resolved": "https://registry.npmjs.org/@recast-navigation/generators/-/generators-0.42.1.tgz",
      "integrity": "sha512-H1+SE3XVd3FIOEhEc1lXWaPbMoyoBGroQQ2gHS6/W0b5JRjGeAx43QB54UUNL8NIthboCVtybAnFxGTGJ4H5vg==",
      "license": "MIT",
      "dependencies": {
        "@recast-navigation/core": "0.42.1",
        "@recast-navigation/wasm": "0.42.1"
      }
    },
    "node_modules/@recast-navigation/wasm": {
      "version": "0.42.1",
      "resolved": "https://registry.npmjs.org/@recast-navigation/wasm/-/wasm-0.42.1.tgz",
      "integrity": "sha512-tnbx8IhYn0OG0O322aXoRJQHD5ojjm/Zf+lhvMywuGreGCFHtY38C0Yf2rpxMv6gkFGGYqu1NTOQb02H3HP8PA==",
      "license": "MIT"
    },
    "node_modules/mathcat": {
      "version": "0.0.11",
      "resolved": "https://registry.npmjs.org/mathcat/-/mathcat-0.0.11.tgz",
      "integrity": "sha512-HIGDmqrjy6KE4LRH9uGLdYoVl+69idwtE5OjHILnNB4IL4RE2aVNagjLAWFKWH5xlcxNH9i+AoBgRKR4VdsyFw==",
      "license": "MIT"
    },
    "node_modules/navcat": {
      "version": "0.2.0",
      "resolved": "https://registry.npmjs.org/navcat/-/navcat-0.2.0.tgz",
      "integrity": "sha512-maceGQOmkMZudHKeeUyY48hbuvcHl8M1dG6aPLQjH26/vD776GI1lWHJosqBD9NU0Zo6SxDI1cGFFtezCoCBnA==",
      "license": "MIT",
      "dependencies": {
        "mathcat": "0.0.11"
      },
      "peerDependencies": {
        "three": ">=0.180.0"
      },
      "peerDependenciesMeta": {
        "three": {
          "optional": true
        }
      }
    },
    "node_modules/recast-navigation": {
      "version": "0.42.1",
      "resolved": "https://registry.npmjs.org/recast-navigation/-/recast-navigation-0.42.1.tgz",
      "integrity": "sha512-jAjagJ9iXT/+pX2twbRoRQMff1mcym4Rgm+I1CpUGRR+Iu9WWBb/5qYJDgKLuEkpUJe1eJntf4m0hdrjXepqGg==",
      "license": "MIT",
      "dependencies": {
        "@recast-navigation/core": "0.42.1",
        "@recast-navigation/generators": "0.42.1"
      }
    }
  }
}
